// !$*UTF8*$!
{
	archiveVersion = 1;
	classes = {
	};
	objectVersion = 50;
	objects = {

/* Begin PBXBuildFile section */
		011CF63F26D4C3EF0051C1C7 /* StartButtonView.swift in Sources */ = {isa = PBXBuildFile; fileRef = 011CF63E26D4C3EF0051C1C7 /* StartButtonView.swift */; };
		011CF64026D4C3EF0051C1C7 /* StartButtonView.swift in Sources */ = {isa = PBXBuildFile; fileRef = 011CF63E26D4C3EF0051C1C7 /* StartButtonView.swift */; };
		011CF64226D4C7E90051C1C7 /* OnboardingView.swift in Sources */ = {isa = PBXBuildFile; fileRef = 011CF64126D4C7E90051C1C7 /* OnboardingView.swift */; };
		011CF64326D4C7E90051C1C7 /* OnboardingView.swift in Sources */ = {isa = PBXBuildFile; fileRef = 011CF64126D4C7E90051C1C7 /* OnboardingView.swift */; };
		011CF64626D5587D0051C1C7 /* FruitModel.swift in Sources */ = {isa = PBXBuildFile; fileRef = 011CF64526D5587D0051C1C7 /* FruitModel.swift */; };
		011CF64726D5587D0051C1C7 /* FruitModel.swift in Sources */ = {isa = PBXBuildFile; fileRef = 011CF64526D5587D0051C1C7 /* FruitModel.swift */; };
		011CF64A26D564F60051C1C7 /* FruitData.swift in Sources */ = {isa = PBXBuildFile; fileRef = 011CF64926D564F60051C1C7 /* FruitData.swift */; };
		011CF64B26D564F60051C1C7 /* FruitData.swift in Sources */ = {isa = PBXBuildFile; fileRef = 011CF64926D564F60051C1C7 /* FruitData.swift */; };
		016881EE26CCBAD00000E08B /* FructusApp.swift in Sources */ = {isa = PBXBuildFile; fileRef = 016881DB26CCBACB0000E08B /* FructusApp.swift */; };
		016881EF26CCBAD00000E08B /* FructusApp.swift in Sources */ = {isa = PBXBuildFile; fileRef = 016881DB26CCBACB0000E08B /* FructusApp.swift */; };
		016881F026CCBAD00000E08B /* ContentView.swift in Sources */ = {isa = PBXBuildFile; fileRef = 016881DC26CCBACB0000E08B /* ContentView.swift */; };
		016881F126CCBAD00000E08B /* ContentView.swift in Sources */ = {isa = PBXBuildFile; fileRef = 016881DC26CCBACB0000E08B /* ContentView.swift */; };
		016881F226CCBAD00000E08B /* Assets.xcassets in Resources */ = {isa = PBXBuildFile; fileRef = 016881DD26CCBAD00000E08B /* Assets.xcassets */; };
		016881F326CCBAD00000E08B /* Assets.xcassets in Resources */ = {isa = PBXBuildFile; fileRef = 016881DD26CCBAD00000E08B /* Assets.xcassets */; };
		0168820026CCD5BC0000E08B /* FruitCardView.swift in Sources */ = {isa = PBXBuildFile; fileRef = 016881FF26CCD5BC0000E08B /* FruitCardView.swift */; };
		0168820126CCD5BC0000E08B /* FruitCardView.swift in Sources */ = {isa = PBXBuildFile; fileRef = 016881FF26CCD5BC0000E08B /* FruitCardView.swift */; };
/* End PBXBuildFile section */

/* Begin PBXFileReference section */
		011CF63E26D4C3EF0051C1C7 /* StartButtonView.swift */ = {isa = PBXFileReference; lastKnownFileType = sourcecode.swift; path = StartButtonView.swift; sourceTree = "<group>"; };
		011CF64126D4C7E90051C1C7 /* OnboardingView.swift */ = {isa = PBXFileReference; lastKnownFileType = sourcecode.swift; path = OnboardingView.swift; sourceTree = "<group>"; };
		011CF64526D5587D0051C1C7 /* FruitModel.swift */ = {isa = PBXFileReference; lastKnownFileType = sourcecode.swift; path = FruitModel.swift; sourceTree = "<group>"; };
		011CF64926D564F60051C1C7 /* FruitData.swift */ = {isa = PBXFileReference; lastKnownFileType = sourcecode.swift; path = FruitData.swift; sourceTree = "<group>"; };
		016881DB26CCBACB0000E08B /* FructusApp.swift */ = {isa = PBXFileReference; lastKnownFileType = sourcecode.swift; path = FructusApp.swift; sourceTree = "<group>"; };
		016881DC26CCBACB0000E08B /* ContentView.swift */ = {isa = PBXFileReference; lastKnownFileType = sourcecode.swift; path = ContentView.swift; sourceTree = "<group>"; };
		016881DD26CCBAD00000E08B /* Assets.xcassets */ = {isa = PBXFileReference; lastKnownFileType = folder.assetcatalog; path = Assets.xcassets; sourceTree = "<group>"; };
		016881E226CCBAD00000E08B /* Fructus.app */ = {isa = PBXFileReference; explicitFileType = wrapper.application; includeInIndex = 0; path = Fructus.app; sourceTree = BUILT_PRODUCTS_DIR; };
		016881E526CCBAD00000E08B /* Info.plist */ = {isa = PBXFileReference; lastKnownFileType = text.plist.xml; path = Info.plist; sourceTree = "<group>"; };
		016881EA26CCBAD00000E08B /* Fructus.app */ = {isa = PBXFileReference; explicitFileType = wrapper.application; includeInIndex = 0; path = Fructus.app; sourceTree = BUILT_PRODUCTS_DIR; };
		016881EC26CCBAD00000E08B /* Info.plist */ = {isa = PBXFileReference; lastKnownFileType = text.plist.xml; path = Info.plist; sourceTree = "<group>"; };
		016881ED26CCBAD00000E08B /* macOS.entitlements */ = {isa = PBXFileReference; lastKnownFileType = text.plist.entitlements; path = macOS.entitlements; sourceTree = "<group>"; };
		016881FF26CCD5BC0000E08B /* FruitCardView.swift */ = {isa = PBXFileReference; lastKnownFileType = sourcecode.swift; path = FruitCardView.swift; sourceTree = "<group>"; };
/* End PBXFileReference section */

/* Begin PBXFrameworksBuildPhase section */
		016881DF26CCBAD00000E08B /* Frameworks */ = {
			isa = PBXFrameworksBuildPhase;
			buildActionMask = 2147483647;
			files = (
			);
			runOnlyForDeploymentPostprocessing = 0;
		};
		016881E726CCBAD00000E08B /* Frameworks */ = {
			isa = PBXFrameworksBuildPhase;
			buildActionMask = 2147483647;
			files = (
			);
			runOnlyForDeploymentPostprocessing = 0;
		};
/* End PBXFrameworksBuildPhase section */

/* Begin PBXGroup section */
		011CF64426D5585F0051C1C7 /* Model */ = {
			isa = PBXGroup;
			children = (
				011CF64526D5587D0051C1C7 /* FruitModel.swift */,
			);
			path = Model;
			sourceTree = "<group>";
		};
		011CF64826D564250051C1C7 /* Data */ = {
			isa = PBXGroup;
			children = (
				011CF64926D564F60051C1C7 /* FruitData.swift */,
			);
			path = Data;
			sourceTree = "<group>";
		};
		016881D526CCBACA0000E08B = {
			isa = PBXGroup;
			children = (
				016881DA26CCBACB0000E08B /* Shared */,
				016881E426CCBAD00000E08B /* iOS */,
				016881EB26CCBAD00000E08B /* macOS */,
				016881E326CCBAD00000E08B /* Products */,
			);
			sourceTree = "<group>";
		};
		016881DA26CCBACB0000E08B /* Shared */ = {
			isa = PBXGroup;
			children = (
				011CF64826D564250051C1C7 /* Data */,
				011CF64426D5585F0051C1C7 /* Model */,
				016881FE26CCD5910000E08B /* View */,
				016881FC26CCD54D0000E08B /* App */,
				016881DD26CCBAD00000E08B /* Assets.xcassets */,
			);
			path = Shared;
			sourceTree = "<group>";
		};
		016881E326CCBAD00000E08B /* Products */ = {
			isa = PBXGroup;
			children = (
				016881E226CCBAD00000E08B /* Fructus.app */,
				016881EA26CCBAD00000E08B /* Fructus.app */,
			);
			name = Products;
			sourceTree = "<group>";
		};
		016881E426CCBAD00000E08B /* iOS */ = {
			isa = PBXGroup;
			children = (
				016881E526CCBAD00000E08B /* Info.plist */,
			);
			path = iOS;
			sourceTree = "<group>";
		};
		016881EB26CCBAD00000E08B /* macOS */ = {
			isa = PBXGroup;
			children = (
				016881EC26CCBAD00000E08B /* Info.plist */,
				016881ED26CCBAD00000E08B /* macOS.entitlements */,
			);
			path = macOS;
			sourceTree = "<group>";
		};
		016881FC26CCD54D0000E08B /* App */ = {
			isa = PBXGroup;
			children = (
				016881DB26CCBACB0000E08B /* FructusApp.swift */,
				016881DC26CCBACB0000E08B /* ContentView.swift */,
				011CF64126D4C7E90051C1C7 /* OnboardingView.swift */,
			);
			path = App;
			sourceTree = "<group>";
		};
		016881FE26CCD5910000E08B /* View */ = {
			isa = PBXGroup;
			children = (
				016881FF26CCD5BC0000E08B /* FruitCardView.swift */,
				011CF63E26D4C3EF0051C1C7 /* StartButtonView.swift */,
			);
			path = View;
			sourceTree = "<group>";
		};
/* End PBXGroup section */

/* Begin PBXNativeTarget section */
		016881E126CCBAD00000E08B /* Fructus (iOS) */ = {
			isa = PBXNativeTarget;
			buildConfigurationList = 016881F626CCBAD00000E08B /* Build configuration list for PBXNativeTarget "Fructus (iOS)" */;
			buildPhases = (
				016881DE26CCBAD00000E08B /* Sources */,
				016881DF26CCBAD00000E08B /* Frameworks */,
				016881E026CCBAD00000E08B /* Resources */,
			);
			buildRules = (
			);
			dependencies = (
			);
			name = "Fructus (iOS)";
			productName = "Fructus (iOS)";
			productReference = 016881E226CCBAD00000E08B /* Fructus.app */;
			productType = "com.apple.product-type.application";
		};
		016881E926CCBAD00000E08B /* Fructus (macOS) */ = {
			isa = PBXNativeTarget;
			buildConfigurationList = 016881F926CCBAD00000E08B /* Build configuration list for PBXNativeTarget "Fructus (macOS)" */;
			buildPhases = (
				016881E626CCBAD00000E08B /* Sources */,
				016881E726CCBAD00000E08B /* Frameworks */,
				016881E826CCBAD00000E08B /* Resources */,
			);
			buildRules = (
			);
			dependencies = (
			);
			name = "Fructus (macOS)";
			productName = "Fructus (macOS)";
			productReference = 016881EA26CCBAD00000E08B /* Fructus.app */;
			productType = "com.apple.product-type.application";
		};
/* End PBXNativeTarget section */

/* Begin PBXProject section */
		016881D626CCBACA0000E08B /* Project object */ = {
			isa = PBXProject;
			attributes = {
				LastSwiftUpdateCheck = 1250;
				LastUpgradeCheck = 1250;
				TargetAttributes = {
					016881E126CCBAD00000E08B = {
						CreatedOnToolsVersion = 12.5.1;
					};
					016881E926CCBAD00000E08B = {
						CreatedOnToolsVersion = 12.5.1;
					};
				};
			};
			buildConfigurationList = 016881D926CCBACA0000E08B /* Build configuration list for PBXProject "Fructus" */;
			compatibilityVersion = "Xcode 9.3";
			developmentRegion = en;
			hasScannedForEncodings = 0;
			knownRegions = (
				en,
				Base,
			);
			mainGroup = 016881D526CCBACA0000E08B;
			productRefGroup = 016881E326CCBAD00000E08B /* Products */;
			projectDirPath = "";
			projectRoot = "";
			targets = (
				016881E126CCBAD00000E08B /* Fructus (iOS) */,
				016881E926CCBAD00000E08B /* Fructus (macOS) */,
			);
		};
/* End PBXProject section */

/* Begin PBXResourcesBuildPhase section */
		016881E026CCBAD00000E08B /* Resources */ = {
			isa = PBXResourcesBuildPhase;
			buildActionMask = 2147483647;
			files = (
				016881F226CCBAD00000E08B /* Assets.xcassets in Resources */,
			);
			runOnlyForDeploymentPostprocessing = 0;
		};
		016881E826CCBAD00000E08B /* Resources */ = {
			isa = PBXResourcesBuildPhase;
			buildActionMask = 2147483647;
			files = (
				016881F326CCBAD00000E08B /* Assets.xcassets in Resources */,
			);
			runOnlyForDeploymentPostprocessing = 0;
		};
/* End PBXResourcesBuildPhase section */

/* Begin PBXSourcesBuildPhase section */
		016881DE26CCBAD00000E08B /* Sources */ = {
			isa = PBXSourcesBuildPhase;
			buildActionMask = 2147483647;
			files = (
				011CF64A26D564F60051C1C7 /* FruitData.swift in Sources */,
				0168820026CCD5BC0000E08B /* FruitCardView.swift in Sources */,
				011CF63F26D4C3EF0051C1C7 /* StartButtonView.swift in Sources */,
				016881F026CCBAD00000E08B /* ContentView.swift in Sources */,
				011CF64226D4C7E90051C1C7 /* OnboardingView.swift in Sources */,
				011CF64626D5587D0051C1C7 /* FruitModel.swift in Sources */,
				016881EE26CCBAD00000E08B /* FructusApp.swift in Sources */,
			);
			runOnlyForDeploymentPostprocessing = 0;
		};
		016881E626CCBAD00000E08B /* Sources */ = {
			isa = PBXSourcesBuildPhase;
			buildActionMask = 2147483647;
			files = (
				011CF64B26D564F60051C1C7 /* FruitData.swift in Sources */,
				0168820126CCD5BC0000E08B /* FruitCardView.swift in Sources */,
				011CF64026D4C3EF0051C1C7 /* StartButtonView.swift in Sources */,
				016881F126CCBAD00000E08B /* ContentView.swift in Sources */,
				011CF64326D4C7E90051C1C7 /* OnboardingView.swift in Sources */,
				011CF64726D5587D0051C1C7 /* FruitModel.swift in Sources */,
				016881EF26CCBAD00000E08B /* FructusApp.swift in Sources */,
			);
			runOnlyForDeploymentPostprocessing = 0;
		};
/* End PBXSourcesBuildPhase section */

/* Begin XCBuildConfiguration section */
		016881F426CCBAD00000E08B /* Debug */ = {
			isa = XCBuildConfiguration;
			buildSettings = {
				ALWAYS_SEARCH_USER_PATHS = NO;
				CLANG_ANALYZER_NONNULL = YES;
				CLANG_ANALYZER_NUMBER_OBJECT_CONVERSION = YES_AGGRESSIVE;
				CLANG_CXX_LANGUAGE_STANDARD = "gnu++14";
				CLANG_CXX_LIBRARY = "libc++";
				CLANG_ENABLE_MODULES = YES;
				CLANG_ENABLE_OBJC_ARC = YES;
				CLANG_ENABLE_OBJC_WEAK = YES;
				CLANG_WARN_BLOCK_CAPTURE_AUTORELEASING = YES;
				CLANG_WARN_BOOL_CONVERSION = YES;
				CLANG_WARN_COMMA = YES;
				CLANG_WARN_CONSTANT_CONVERSION = YES;
				CLANG_WARN_DEPRECATED_OBJC_IMPLEMENTATIONS = YES;
				CLANG_WARN_DIRECT_OBJC_ISA_USAGE = YES_ERROR;
				CLANG_WARN_DOCUMENTATION_COMMENTS = YES;
				CLANG_WARN_EMPTY_BODY = YES;
				CLANG_WARN_ENUM_CONVERSION = YES;
				CLANG_WARN_INFINITE_RECURSION = YES;
				CLANG_WARN_INT_CONVERSION = YES;
				CLANG_WARN_NON_LITERAL_NULL_CONVERSION = YES;
				CLANG_WARN_OBJC_IMPLICIT_RETAIN_SELF = YES;
				CLANG_WARN_OBJC_LITERAL_CONVERSION = YES;
				CLANG_WARN_OBJC_ROOT_CLASS = YES_ERROR;
				CLANG_WARN_QUOTED_INCLUDE_IN_FRAMEWORK_HEADER = YES;
				CLANG_WARN_RANGE_LOOP_ANALYSIS = YES;
				CLANG_WARN_STRICT_PROTOTYPES = YES;
				CLANG_WARN_SUSPICIOUS_MOVE = YES;
				CLANG_WARN_UNGUARDED_AVAILABILITY = YES_AGGRESSIVE;
				CLANG_WARN_UNREACHABLE_CODE = YES;
				CLANG_WARN__DUPLICATE_METHOD_MATCH = YES;
				COPY_PHASE_STRIP = NO;
				DEBUG_INFORMATION_FORMAT = dwarf;
				ENABLE_STRICT_OBJC_MSGSEND = YES;
				ENABLE_TESTABILITY = YES;
				GCC_C_LANGUAGE_STANDARD = gnu11;
				GCC_DYNAMIC_NO_PIC = NO;
				GCC_NO_COMMON_BLOCKS = YES;
				GCC_OPTIMIZATION_LEVEL = 0;
				GCC_PREPROCESSOR_DEFINITIONS = (
					"DEBUG=1",
					"$(inherited)",
				);
				GCC_WARN_64_TO_32_BIT_CONVERSION = YES;
				GCC_WARN_ABOUT_RETURN_TYPE = YES_ERROR;
				GCC_WARN_UNDECLARED_SELECTOR = YES;
				GCC_WARN_UNINITIALIZED_AUTOS = YES_AGGRESSIVE;
				GCC_WARN_UNUSED_FUNCTION = YES;
				GCC_WARN_UNUSED_VARIABLE = YES;
				MTL_ENABLE_DEBUG_INFO = INCLUDE_SOURCE;
				MTL_FAST_MATH = YES;
				ONLY_ACTIVE_ARCH = YES;
				SWIFT_ACTIVE_COMPILATION_CONDITIONS = DEBUG;
				SWIFT_OPTIMIZATION_LEVEL = "-Onone";
			};
			name = Debug;
		};
		016881F526CCBAD00000E08B /* Release */ = {
			isa = XCBuildConfiguration;
			buildSettings = {
				ALWAYS_SEARCH_USER_PATHS = NO;
				CLANG_ANALYZER_NONNULL = YES;
				CLANG_ANALYZER_NUMBER_OBJECT_CONVERSION = YES_AGGRESSIVE;
				CLANG_CXX_LANGUAGE_STANDARD = "gnu++14";
				CLANG_CXX_LIBRARY = "libc++";
				CLANG_ENABLE_MODULES = YES;
				CLANG_ENABLE_OBJC_ARC = YES;
				CLANG_ENABLE_OBJC_WEAK = YES;
				CLANG_WARN_BLOCK_CAPTURE_AUTORELEASING = YES;
				CLANG_WARN_BOOL_CONVERSION = YES;
				CLANG_WARN_COMMA = YES;
				CLANG_WARN_CONSTANT_CONVERSION = YES;
				CLANG_WARN_DEPRECATED_OBJC_IMPLEMENTATIONS = YES;
				CLANG_WARN_DIRECT_OBJC_ISA_USAGE = YES_ERROR;
				CLANG_WARN_DOCUMENTATION_COMMENTS = YES;
				CLANG_WARN_EMPTY_BODY = YES;
				CLANG_WARN_ENUM_CONVERSION = YES;
				CLANG_WARN_INFINITE_RECURSION = YES;
				CLANG_WARN_INT_CONVERSION = YES;
				CLANG_WARN_NON_LITERAL_NULL_CONVERSION = YES;
				CLANG_WARN_OBJC_IMPLICIT_RETAIN_SELF = YES;
				CLANG_WARN_OBJC_LITERAL_CONVERSION = YES;
				CLANG_WARN_OBJC_ROOT_CLASS = YES_ERROR;
				CLANG_WARN_QUOTED_INCLUDE_IN_FRAMEWORK_HEADER = YES;
				CLANG_WARN_RANGE_LOOP_ANALYSIS = YES;
				CLANG_WARN_STRICT_PROTOTYPES = YES;
				CLANG_WARN_SUSPICIOUS_MOVE = YES;
				CLANG_WARN_UNGUARDED_AVAILABILITY = YES_AGGRESSIVE;
				CLANG_WARN_UNREACHABLE_CODE = YES;
				CLANG_WARN__DUPLICATE_METHOD_MATCH = YES;
				COPY_PHASE_STRIP = NO;
				DEBUG_INFORMATION_FORMAT = "dwarf-with-dsym";
				ENABLE_NS_ASSERTIONS = NO;
				ENABLE_STRICT_OBJC_MSGSEND = YES;
				GCC_C_LANGUAGE_STANDARD = gnu11;
				GCC_NO_COMMON_BLOCKS = YES;
				GCC_WARN_64_TO_32_BIT_CONVERSION = YES;
				GCC_WARN_ABOUT_RETURN_TYPE = YES_ERROR;
				GCC_WARN_UNDECLARED_SELECTOR = YES;
				GCC_WARN_UNINITIALIZED_AUTOS = YES_AGGRESSIVE;
				GCC_WARN_UNUSED_FUNCTION = YES;
				GCC_WARN_UNUSED_VARIABLE = YES;
				MTL_ENABLE_DEBUG_INFO = NO;
				MTL_FAST_MATH = YES;
				SWIFT_COMPILATION_MODE = wholemodule;
				SWIFT_OPTIMIZATION_LEVEL = "-O";
			};
			name = Release;
		};
		016881F726CCBAD00000E08B /* Debug */ = {
			isa = XCBuildConfiguration;
			buildSettings = {
				ASSETCATALOG_COMPILER_APPICON_NAME = AppIcon;
				ASSETCATALOG_COMPILER_GLOBAL_ACCENT_COLOR_NAME = AccentColor;
				CODE_SIGN_STYLE = Automatic;
				DEVELOPMENT_TEAM = 4US5LL8AXX;
				ENABLE_PREVIEWS = YES;
				INFOPLIST_FILE = iOS/Info.plist;
				IPHONEOS_DEPLOYMENT_TARGET = 14.0;
				LD_RUNPATH_SEARCH_PATHS = (
					"$(inherited)",
					"@executable_path/Frameworks",
				);
				PRODUCT_BUNDLE_IDENTIFIER = com.dzmitry.Fructus;
				PRODUCT_NAME = Fructus;
				SDKROOT = iphoneos;
				SWIFT_VERSION = 5.0;
				TARGETED_DEVICE_FAMILY = "1,2";
			};
			name = Debug;
		};
		016881F826CCBAD00000E08B /* Release */ = {
			isa = XCBuildConfiguration;
			buildSettings = {
				ASSETCATALOG_COMPILER_APPICON_NAME = AppIcon;
				ASSETCATALOG_COMPILER_GLOBAL_ACCENT_COLOR_NAME = AccentColor;
				CODE_SIGN_STYLE = Automatic;
				DEVELOPMENT_TEAM = 4US5LL8AXX;
				ENABLE_PREVIEWS = YES;
				INFOPLIST_FILE = iOS/Info.plist;
				IPHONEOS_DEPLOYMENT_TARGET = 14.0;
				LD_RUNPATH_SEARCH_PATHS = (
					"$(inherited)",
					"@executable_path/Frameworks",
				);
				PRODUCT_BUNDLE_IDENTIFIER = com.dzmitry.Fructus;
				PRODUCT_NAME = Fructus;
				SDKROOT = iphoneos;
				SWIFT_VERSION = 5.0;
				TARGETED_DEVICE_FAMILY = "1,2";
				VALIDATE_PRODUCT = YES;
			};
			name = Release;
		};
		016881FA26CCBAD00000E08B /* Debug */ = {
			isa = XCBuildConfiguration;
			buildSettings = {
				ASSETCATALOG_COMPILER_APPICON_NAME = AppIcon;
				ASSETCATALOG_COMPILER_GLOBAL_ACCENT_COLOR_NAME = AccentColor;
				CODE_SIGN_ENTITLEMENTS = macOS/macOS.entitlements;
				CODE_SIGN_STYLE = Automatic;
				COMBINE_HIDPI_IMAGES = YES;
				DEVELOPMENT_TEAM = 4US5LL8AXX;
				ENABLE_HARDENED_RUNTIME = YES;
				ENABLE_PREVIEWS = YES;
				INFOPLIST_FILE = macOS/Info.plist;
				LD_RUNPATH_SEARCH_PATHS = (
					"$(inherited)",
					"@executable_path/../Frameworks",
				);
				MACOSX_DEPLOYMENT_TARGET = 11.0;
				PRODUCT_BUNDLE_IDENTIFIER = com.dzmitry.Fructus;
				PRODUCT_NAME = Fructus;
				SDKROOT = macosx;
				SWIFT_VERSION = 5.0;
			};
			name = Debug;
		};
		016881FB26CCBAD00000E08B /* Release */ = {
			isa = XCBuildConfiguration;
			buildSettings = {
				ASSETCATALOG_COMPILER_APPICON_NAME = AppIcon;
				ASSETCATALOG_COMPILER_GLOBAL_ACCENT_COLOR_NAME = AccentColor;
				CODE_SIGN_ENTITLEMENTS = macOS/macOS.entitlements;
				CODE_SIGN_STYLE = Automatic;
				COMBINE_HIDPI_IMAGES = YES;
				DEVELOPMENT_TEAM = 4US5LL8AXX;
				ENABLE_HARDENED_RUNTIME = YES;
				ENABLE_PREVIEWS = YES;
				INFOPLIST_FILE = macOS/Info.plist;
				LD_RUNPATH_SEARCH_PATHS = (
					"$(inherited)",
					"@executable_path/../Frameworks",
				);
				MACOSX_DEPLOYMENT_TARGET = 11.0;
				PRODUCT_BUNDLE_IDENTIFIER = com.dzmitry.Fructus;
				PRODUCT_NAME = Fructus;
				SDKROOT = macosx;
				SWIFT_VERSION = 5.0;
			};
			name = Release;
		};
/* End XCBuildConfiguration section */

/* Begin XCConfigurationList section */
		016881D926CCBACA0000E08B /* Build configuration list for PBXProject "Fructus" */ = {
			isa = XCConfigurationList;
			buildConfigurations = (
				016881F426CCBAD00000E08B /* Debug */,
				016881F526CCBAD00000E08B /* Release */,
			);
			defaultConfigurationIsVisible = 0;
			defaultConfigurationName = Release;
		};
		016881F626CCBAD00000E08B /* Build configuration list for PBXNativeTarget "Fructus (iOS)" */ = {
			isa = XCConfigurationList;
			buildConfigurations = (
				016881F726CCBAD00000E08B /* Debug */,
				016881F826CCBAD00000E08B /* Release */,
			);
			defaultConfigurationIsVisible = 0;
			defaultConfigurationName = Release;
		};
		016881F926CCBAD00000E08B /* Build configuration list for PBXNativeTarget "Fructus (macOS)" */ = {
			isa = XCConfigurationList;
			buildConfigurations = (
				016881FA26CCBAD00000E08B /* Debug */,
				016881FB26CCBAD00000E08B /* Release */,
			);
			defaultConfigurationIsVisible = 0;
			defaultConfigurationName = Release;
		};
/* End XCConfigurationList section */
	};
	rootObject = 016881D626CCBACA0000E08B /* Project object */;
}
